// !$*UTF8*$!
{
	archiveVersion = 1;
	classes = {
	};
	objectVersion = 55;
	objects = {

/* Begin PBXBuildFile section */
		8319E17027E8907D002721E8 /* UserService.swift in Sources */ = {isa = PBXBuildFile; fileRef = 8319E16F27E8907D002721E8 /* UserService.swift */; };
		8319E17227EA0A24002721E8 /* Challenge.swift in Sources */ = {isa = PBXBuildFile; fileRef = 8319E17127EA0A24002721E8 /* Challenge.swift */; };
		8319E17427EA0B2F002721E8 /* ChallengeService.swift in Sources */ = {isa = PBXBuildFile; fileRef = 8319E17327EA0B2F002721E8 /* ChallengeService.swift */; };
		8319E17727EA14D9002721E8 /* ExercisePostureGuideError.swift in Sources */ = {isa = PBXBuildFile; fileRef = 8319E17627EA14D9002721E8 /* ExercisePostureGuideError.swift */; };
		83BCF78027E238AB00092BA1 /* ExercisePostureGuideApp.swift in Sources */ = {isa = PBXBuildFile; fileRef = 83BCF77F27E238AB00092BA1 /* ExercisePostureGuideApp.swift */; };
		83BCF78227E238AB00092BA1 /* LandingView.swift in Sources */ = {isa = PBXBuildFile; fileRef = 83BCF78127E238AB00092BA1 /* LandingView.swift */; };
		83BCF78427E238AC00092BA1 /* Assets.xcassets in Resources */ = {isa = PBXBuildFile; fileRef = 83BCF78327E238AC00092BA1 /* Assets.xcassets */; };
		83BCF78727E238AC00092BA1 /* Preview Assets.xcassets in Resources */ = {isa = PBXBuildFile; fileRef = 83BCF78627E238AC00092BA1 /* Preview Assets.xcassets */; };
		83BCF79027E2397C00092BA1 /* CreateChallengeViewModel.swift in Sources */ = {isa = PBXBuildFile; fileRef = 83BCF78F27E2397C00092BA1 /* CreateChallengeViewModel.swift */; };
		83BCF79227E2399900092BA1 /* DropdownItemProtocol.swift in Sources */ = {isa = PBXBuildFile; fileRef = 83BCF79127E2399900092BA1 /* DropdownItemProtocol.swift */; };
		83BCF79527E239EA00092BA1 /* AppSettings.swift in Sources */ = {isa = PBXBuildFile; fileRef = 83BCF79427E239EA00092BA1 /* AppSettings.swift */; };
		83BCF79727E23A0900092BA1 /* PrimaryButtonStyle.swift in Sources */ = {isa = PBXBuildFile; fileRef = 83BCF79627E23A0900092BA1 /* PrimaryButtonStyle.swift */; };
		83BCF79927E23A2400092BA1 /* CreateView.swift in Sources */ = {isa = PBXBuildFile; fileRef = 83BCF79827E23A2400092BA1 /* CreateView.swift */; };
		83BCF79B27E23A5F00092BA1 /* DropdownView.swift in Sources */ = {isa = PBXBuildFile; fileRef = 83BCF79A27E23A5F00092BA1 /* DropdownView.swift */; };
		83BCF79D27E23A7800092BA1 /* RemindView.swift in Sources */ = {isa = PBXBuildFile; fileRef = 83BCF79C27E23A7800092BA1 /* RemindView.swift */; };
		83E0F17627E4467F0068F132 /* GoogleService-Info.plist in Resources */ = {isa = PBXBuildFile; fileRef = 83E0F17527E4467F0068F132 /* GoogleService-Info.plist */; };
		83E0F17927E448910068F132 /* FirebaseAnalytics in Frameworks */ = {isa = PBXBuildFile; productRef = 83E0F17827E448910068F132 /* FirebaseAnalytics */; };
		83E0F17B27E448910068F132 /* FirebaseAuth in Frameworks */ = {isa = PBXBuildFile; productRef = 83E0F17A27E448910068F132 /* FirebaseAuth */; };
		83E0F17D27E448910068F132 /* FirebaseFirestore in Frameworks */ = {isa = PBXBuildFile; productRef = 83E0F17C27E448910068F132 /* FirebaseFirestore */; };
		83E0F17F27E448910068F132 /* FirebaseFirestoreSwift-Beta in Frameworks */ = {isa = PBXBuildFile; productRef = 83E0F17E27E448910068F132 /* FirebaseFirestoreSwift-Beta */; };
		83FFDE6227EAC2E10076023B /* AuthPublisher.swift in Sources */ = {isa = PBXBuildFile; fileRef = 83FFDE6127EAC2E10076023B /* AuthPublisher.swift */; };
		83FFDE6427EAE9FD0076023B /* TabContainerView.swift in Sources */ = {isa = PBXBuildFile; fileRef = 83FFDE6327EAE9FD0076023B /* TabContainerView.swift */; };
		83FFDE6627EAF12B0076023B /* ChallengeListView.swift in Sources */ = {isa = PBXBuildFile; fileRef = 83FFDE6527EAF12B0076023B /* ChallengeListView.swift */; };
		83FFDE6827EAF1600076023B /* ChallengeListViewModel.swift in Sources */ = {isa = PBXBuildFile; fileRef = 83FFDE6727EAF1600076023B /* ChallengeListViewModel.swift */; };
		83FFDE6A27EAF3D30076023B /* QuerySnapshotPublisher.swift in Sources */ = {isa = PBXBuildFile; fileRef = 83FFDE6927EAF3D30076023B /* QuerySnapshotPublisher.swift */; };
		83FFDE6C27EB14EF0076023B /* ChallengeItemViewModel.swift in Sources */ = {isa = PBXBuildFile; fileRef = 83FFDE6B27EB14EF0076023B /* ChallengeItemViewModel.swift */; };
/* End PBXBuildFile section */

/* Begin PBXFileReference section */
		8319E16F27E8907D002721E8 /* UserService.swift */ = {isa = PBXFileReference; lastKnownFileType = sourcecode.swift; path = UserService.swift; sourceTree = "<group>"; };
		8319E17127EA0A24002721E8 /* Challenge.swift */ = {isa = PBXFileReference; lastKnownFileType = sourcecode.swift; path = Challenge.swift; sourceTree = "<group>"; };
		8319E17327EA0B2F002721E8 /* ChallengeService.swift */ = {isa = PBXFileReference; lastKnownFileType = sourcecode.swift; path = ChallengeService.swift; sourceTree = "<group>"; };
		8319E17627EA14D9002721E8 /* ExercisePostureGuideError.swift */ = {isa = PBXFileReference; lastKnownFileType = sourcecode.swift; path = ExercisePostureGuideError.swift; sourceTree = "<group>"; };
		83BCF77C27E238AB00092BA1 /* ExercisePostureGuide.app */ = {isa = PBXFileReference; explicitFileType = wrapper.application; includeInIndex = 0; path = ExercisePostureGuide.app; sourceTree = BUILT_PRODUCTS_DIR; };
		83BCF77F27E238AB00092BA1 /* ExercisePostureGuideApp.swift */ = {isa = PBXFileReference; lastKnownFileType = sourcecode.swift; path = ExercisePostureGuideApp.swift; sourceTree = "<group>"; };
		83BCF78127E238AB00092BA1 /* LandingView.swift */ = {isa = PBXFileReference; lastKnownFileType = sourcecode.swift; path = LandingView.swift; sourceTree = "<group>"; };
		83BCF78327E238AC00092BA1 /* Assets.xcassets */ = {isa = PBXFileReference; lastKnownFileType = folder.assetcatalog; path = Assets.xcassets; sourceTree = "<group>"; };
		83BCF78627E238AC00092BA1 /* Preview Assets.xcassets */ = {isa = PBXFileReference; lastKnownFileType = folder.assetcatalog; path = "Preview Assets.xcassets"; sourceTree = "<group>"; };
		83BCF78F27E2397C00092BA1 /* CreateChallengeViewModel.swift */ = {isa = PBXFileReference; lastKnownFileType = sourcecode.swift; path = CreateChallengeViewModel.swift; sourceTree = "<group>"; };
		83BCF79127E2399900092BA1 /* DropdownItemProtocol.swift */ = {isa = PBXFileReference; lastKnownFileType = sourcecode.swift; path = DropdownItemProtocol.swift; sourceTree = "<group>"; };
		83BCF79427E239EA00092BA1 /* AppSettings.swift */ = {isa = PBXFileReference; lastKnownFileType = sourcecode.swift; path = AppSettings.swift; sourceTree = "<group>"; };
		83BCF79627E23A0900092BA1 /* PrimaryButtonStyle.swift */ = {isa = PBXFileReference; lastKnownFileType = sourcecode.swift; path = PrimaryButtonStyle.swift; sourceTree = "<group>"; };
		83BCF79827E23A2400092BA1 /* CreateView.swift */ = {isa = PBXFileReference; lastKnownFileType = sourcecode.swift; path = CreateView.swift; sourceTree = "<group>"; };
		83BCF79A27E23A5F00092BA1 /* DropdownView.swift */ = {isa = PBXFileReference; lastKnownFileType = sourcecode.swift; path = DropdownView.swift; sourceTree = "<group>"; };
		83BCF79C27E23A7800092BA1 /* RemindView.swift */ = {isa = PBXFileReference; lastKnownFileType = sourcecode.swift; path = RemindView.swift; sourceTree = "<group>"; };
		83E0F17527E4467F0068F132 /* GoogleService-Info.plist */ = {isa = PBXFileReference; fileEncoding = 4; lastKnownFileType = text.plist.xml; path = "GoogleService-Info.plist"; sourceTree = "<group>"; };
		83FFDE6127EAC2E10076023B /* AuthPublisher.swift */ = {isa = PBXFileReference; lastKnownFileType = sourcecode.swift; path = AuthPublisher.swift; sourceTree = "<group>"; };
		83FFDE6327EAE9FD0076023B /* TabContainerView.swift */ = {isa = PBXFileReference; lastKnownFileType = sourcecode.swift; path = TabContainerView.swift; sourceTree = "<group>"; };
		83FFDE6527EAF12B0076023B /* ChallengeListView.swift */ = {isa = PBXFileReference; lastKnownFileType = sourcecode.swift; path = ChallengeListView.swift; sourceTree = "<group>"; };
		83FFDE6727EAF1600076023B /* ChallengeListViewModel.swift */ = {isa = PBXFileReference; lastKnownFileType = sourcecode.swift; path = ChallengeListViewModel.swift; sourceTree = "<group>"; };
		83FFDE6927EAF3D30076023B /* QuerySnapshotPublisher.swift */ = {isa = PBXFileReference; lastKnownFileType = sourcecode.swift; path = QuerySnapshotPublisher.swift; sourceTree = "<group>"; };
		83FFDE6B27EB14EF0076023B /* ChallengeItemViewModel.swift */ = {isa = PBXFileReference; lastKnownFileType = sourcecode.swift; path = ChallengeItemViewModel.swift; sourceTree = "<group>"; };
/* End PBXFileReference section */

/* Begin PBXFrameworksBuildPhase section */
		83BCF77927E238AB00092BA1 /* Frameworks */ = {
			isa = PBXFrameworksBuildPhase;
			buildActionMask = 2147483647;
			files = (
				83E0F17927E448910068F132 /* FirebaseAnalytics in Frameworks */,
				83E0F17F27E448910068F132 /* FirebaseFirestoreSwift-Beta in Frameworks */,
				83E0F17B27E448910068F132 /* FirebaseAuth in Frameworks */,
				83E0F17D27E448910068F132 /* FirebaseFirestore in Frameworks */,
			);
			runOnlyForDeploymentPostprocessing = 0;
		};
/* End PBXFrameworksBuildPhase section */

/* Begin PBXGroup section */
		8319E16E27E89050002721E8 /* Services */ = {
			isa = PBXGroup;
			children = (
				8319E16F27E8907D002721E8 /* UserService.swift */,
				8319E17327EA0B2F002721E8 /* ChallengeService.swift */,
			);
			path = Services;
			sourceTree = "<group>";
		};
		8319E17527EA14BF002721E8 /* Errors */ = {
			isa = PBXGroup;
			children = (
				8319E17627EA14D9002721E8 /* ExercisePostureGuideError.swift */,
			);
			path = Errors;
			sourceTree = "<group>";
		};
		83BCF77327E238AB00092BA1 = {
			isa = PBXGroup;
			children = (
				83E0F17527E4467F0068F132 /* GoogleService-Info.plist */,
				83BCF77E27E238AB00092BA1 /* ExercisePostureGuide */,
				83BCF77D27E238AB00092BA1 /* Products */,
			);
			sourceTree = "<group>";
		};
		83BCF77D27E238AB00092BA1 /* Products */ = {
			isa = PBXGroup;
			children = (
				83BCF77C27E238AB00092BA1 /* ExercisePostureGuide.app */,
			);
			name = Products;
			sourceTree = "<group>";
		};
		83BCF77E27E238AB00092BA1 /* ExercisePostureGuide */ = {
			isa = PBXGroup;
			children = (
				83FFDE6027EAC27B0076023B /* Publishers */,
				8319E17527EA14BF002721E8 /* Errors */,
				8319E16E27E89050002721E8 /* Services */,
				83BCF79327E239B400092BA1 /* Models */,
				83BCF78E27E2392A00092BA1 /* Views */,
				83BCF78D27E2391A00092BA1 /* ViewModels */,
				83BCF77F27E238AB00092BA1 /* ExercisePostureGuideApp.swift */,
				83BCF78127E238AB00092BA1 /* LandingView.swift */,
				83BCF78327E238AC00092BA1 /* Assets.xcassets */,
				83BCF78527E238AC00092BA1 /* Preview Content */,
			);
			path = ExercisePostureGuide;
			sourceTree = "<group>";
		};
		83BCF78527E238AC00092BA1 /* Preview Content */ = {
			isa = PBXGroup;
			children = (
				83BCF78627E238AC00092BA1 /* Preview Assets.xcassets */,
			);
			path = "Preview Content";
			sourceTree = "<group>";
		};
		83BCF78D27E2391A00092BA1 /* ViewModels */ = {
			isa = PBXGroup;
			children = (
				83BCF78F27E2397C00092BA1 /* CreateChallengeViewModel.swift */,
				83BCF79127E2399900092BA1 /* DropdownItemProtocol.swift */,
				83FFDE6727EAF1600076023B /* ChallengeListViewModel.swift */,
				83FFDE6B27EB14EF0076023B /* ChallengeItemViewModel.swift */,
			);
			path = ViewModels;
			sourceTree = "<group>";
		};
		83BCF78E27E2392A00092BA1 /* Views */ = {
			isa = PBXGroup;
			children = (
				83BCF79627E23A0900092BA1 /* PrimaryButtonStyle.swift */,
				83BCF79827E23A2400092BA1 /* CreateView.swift */,
				83BCF79A27E23A5F00092BA1 /* DropdownView.swift */,
				83BCF79C27E23A7800092BA1 /* RemindView.swift */,
				83FFDE6327EAE9FD0076023B /* TabContainerView.swift */,
				83FFDE6527EAF12B0076023B /* ChallengeListView.swift */,
			);
			path = Views;
			sourceTree = "<group>";
		};
		83BCF79327E239B400092BA1 /* Models */ = {
			isa = PBXGroup;
			children = (
				83BCF79427E239EA00092BA1 /* AppSettings.swift */,
				8319E17127EA0A24002721E8 /* Challenge.swift */,
			);
			path = Models;
			sourceTree = "<group>";
		};
		83FFDE6027EAC27B0076023B /* Publishers */ = {
			isa = PBXGroup;
			children = (
				83FFDE6127EAC2E10076023B /* AuthPublisher.swift */,
				83FFDE6927EAF3D30076023B /* QuerySnapshotPublisher.swift */,
			);
			path = Publishers;
			sourceTree = "<group>";
		};
/* End PBXGroup section */

/* Begin PBXNativeTarget section */
		83BCF77B27E238AB00092BA1 /* ExercisePostureGuide */ = {
			isa = PBXNativeTarget;
			buildConfigurationList = 83BCF78A27E238AC00092BA1 /* Build configuration list for PBXNativeTarget "ExercisePostureGuide" */;
			buildPhases = (
				83BCF77827E238AB00092BA1 /* Sources */,
				83BCF77927E238AB00092BA1 /* Frameworks */,
				83BCF77A27E238AB00092BA1 /* Resources */,
			);
			buildRules = (
			);
			dependencies = (
			);
			name = ExercisePostureGuide;
			packageProductDependencies = (
				83E0F17827E448910068F132 /* FirebaseAnalytics */,
				83E0F17A27E448910068F132 /* FirebaseAuth */,
				83E0F17C27E448910068F132 /* FirebaseFirestore */,
				83E0F17E27E448910068F132 /* FirebaseFirestoreSwift-Beta */,
			);
			productName = ExercisePostureGuide;
			productReference = 83BCF77C27E238AB00092BA1 /* ExercisePostureGuide.app */;
			productType = "com.apple.product-type.application";
		};
/* End PBXNativeTarget section */

/* Begin PBXProject section */
		83BCF77427E238AB00092BA1 /* Project object */ = {
			isa = PBXProject;
			attributes = {
				BuildIndependentTargetsInParallel = 1;
				LastSwiftUpdateCheck = 1320;
				LastUpgradeCheck = 1320;
				TargetAttributes = {
					83BCF77B27E238AB00092BA1 = {
						CreatedOnToolsVersion = 13.2.1;
					};
				};
			};
			buildConfigurationList = 83BCF77727E238AB00092BA1 /* Build configuration list for PBXProject "ExercisePostureGuide" */;
			compatibilityVersion = "Xcode 13.0";
			developmentRegion = en;
			hasScannedForEncodings = 0;
			knownRegions = (
				en,
				Base,
			);
			mainGroup = 83BCF77327E238AB00092BA1;
			packageReferences = (
				83E0F17727E448910068F132 /* XCRemoteSwiftPackageReference "firebase-ios-sdk" */,
			);
			productRefGroup = 83BCF77D27E238AB00092BA1 /* Products */;
			projectDirPath = "";
			projectRoot = "";
			targets = (
				83BCF77B27E238AB00092BA1 /* ExercisePostureGuide */,
			);
		};
/* End PBXProject section */

/* Begin PBXResourcesBuildPhase section */
		83BCF77A27E238AB00092BA1 /* Resources */ = {
			isa = PBXResourcesBuildPhase;
			buildActionMask = 2147483647;
			files = (
				83BCF78727E238AC00092BA1 /* Preview Assets.xcassets in Resources */,
				83BCF78427E238AC00092BA1 /* Assets.xcassets in Resources */,
				83E0F17627E4467F0068F132 /* GoogleService-Info.plist in Resources */,
			);
			runOnlyForDeploymentPostprocessing = 0;
		};
/* End PBXResourcesBuildPhase section */

/* Begin PBXSourcesBuildPhase section */
		83BCF77827E238AB00092BA1 /* Sources */ = {
			isa = PBXSourcesBuildPhase;
			buildActionMask = 2147483647;
			files = (
				83FFDE6227EAC2E10076023B /* AuthPublisher.swift in Sources */,
				83BCF79727E23A0900092BA1 /* PrimaryButtonStyle.swift in Sources */,
				83BCF78227E238AB00092BA1 /* LandingView.swift in Sources */,
				83BCF79027E2397C00092BA1 /* CreateChallengeViewModel.swift in Sources */,
				83BCF78027E238AB00092BA1 /* ExercisePostureGuideApp.swift in Sources */,
				83FFDE6827EAF1600076023B /* ChallengeListViewModel.swift in Sources */,
				8319E17227EA0A24002721E8 /* Challenge.swift in Sources */,
				83BCF79D27E23A7800092BA1 /* RemindView.swift in Sources */,
				83BCF79927E23A2400092BA1 /* CreateView.swift in Sources */,
				8319E17027E8907D002721E8 /* UserService.swift in Sources */,
				83FFDE6427EAE9FD0076023B /* TabContainerView.swift in Sources */,
				83FFDE6A27EAF3D30076023B /* QuerySnapshotPublisher.swift in Sources */,
				83BCF79B27E23A5F00092BA1 /* DropdownView.swift in Sources */,
				8319E17427EA0B2F002721E8 /* ChallengeService.swift in Sources */,
				83FFDE6C27EB14EF0076023B /* ChallengeItemViewModel.swift in Sources */,
				83FFDE6627EAF12B0076023B /* ChallengeListView.swift in Sources */,
				83BCF79527E239EA00092BA1 /* AppSettings.swift in Sources */,
				83BCF79227E2399900092BA1 /* DropdownItemProtocol.swift in Sources */,
				8319E17727EA14D9002721E8 /* ExercisePostureGuideError.swift in Sources */,
			);
			runOnlyForDeploymentPostprocessing = 0;
		};
/* End PBXSourcesBuildPhase section */

/* Begin XCBuildConfiguration section */
		83BCF78827E238AC00092BA1 /* Debug */ = {
			isa = XCBuildConfiguration;
			buildSettings = {
				ALWAYS_SEARCH_USER_PATHS = NO;
				CLANG_ANALYZER_NONNULL = YES;
				CLANG_ANALYZER_NUMBER_OBJECT_CONVERSION = YES_AGGRESSIVE;
				CLANG_CXX_LANGUAGE_STANDARD = "gnu++17";
				CLANG_CXX_LIBRARY = "libc++";
				CLANG_ENABLE_MODULES = YES;
				CLANG_ENABLE_OBJC_ARC = YES;
				CLANG_ENABLE_OBJC_WEAK = YES;
				CLANG_WARN_BLOCK_CAPTURE_AUTORELEASING = YES;
				CLANG_WARN_BOOL_CONVERSION = YES;
				CLANG_WARN_COMMA = YES;
				CLANG_WARN_CONSTANT_CONVERSION = YES;
				CLANG_WARN_DEPRECATED_OBJC_IMPLEMENTATIONS = YES;
				CLANG_WARN_DIRECT_OBJC_ISA_USAGE = YES_ERROR;
				CLANG_WARN_DOCUMENTATION_COMMENTS = YES;
				CLANG_WARN_EMPTY_BODY = YES;
				CLANG_WARN_ENUM_CONVERSION = YES;
				CLANG_WARN_INFINITE_RECURSION = YES;
				CLANG_WARN_INT_CONVERSION = YES;
				CLANG_WARN_NON_LITERAL_NULL_CONVERSION = YES;
				CLANG_WARN_OBJC_IMPLICIT_RETAIN_SELF = YES;
				CLANG_WARN_OBJC_LITERAL_CONVERSION = YES;
				CLANG_WARN_OBJC_ROOT_CLASS = YES_ERROR;
				CLANG_WARN_QUOTED_INCLUDE_IN_FRAMEWORK_HEADER = YES;
				CLANG_WARN_RANGE_LOOP_ANALYSIS = YES;
				CLANG_WARN_STRICT_PROTOTYPES = YES;
				CLANG_WARN_SUSPICIOUS_MOVE = YES;
				CLANG_WARN_UNGUARDED_AVAILABILITY = YES_AGGRESSIVE;
				CLANG_WARN_UNREACHABLE_CODE = YES;
				CLANG_WARN__DUPLICATE_METHOD_MATCH = YES;
				COPY_PHASE_STRIP = NO;
				DEBUG_INFORMATION_FORMAT = dwarf;
				ENABLE_STRICT_OBJC_MSGSEND = YES;
				ENABLE_TESTABILITY = YES;
				GCC_C_LANGUAGE_STANDARD = gnu11;
				GCC_DYNAMIC_NO_PIC = NO;
				GCC_NO_COMMON_BLOCKS = YES;
				GCC_OPTIMIZATION_LEVEL = 0;
				GCC_PREPROCESSOR_DEFINITIONS = (
					"DEBUG=1",
					"$(inherited)",
				);
				GCC_WARN_64_TO_32_BIT_CONVERSION = YES;
				GCC_WARN_ABOUT_RETURN_TYPE = YES_ERROR;
				GCC_WARN_UNDECLARED_SELECTOR = YES;
				GCC_WARN_UNINITIALIZED_AUTOS = YES_AGGRESSIVE;
				GCC_WARN_UNUSED_FUNCTION = YES;
				GCC_WARN_UNUSED_VARIABLE = YES;
				IPHONEOS_DEPLOYMENT_TARGET = 15.2;
				MTL_ENABLE_DEBUG_INFO = INCLUDE_SOURCE;
				MTL_FAST_MATH = YES;
				ONLY_ACTIVE_ARCH = YES;
				SDKROOT = iphoneos;
				SWIFT_ACTIVE_COMPILATION_CONDITIONS = DEBUG;
				SWIFT_OPTIMIZATION_LEVEL = "-Onone";
			};
			name = Debug;
		};
		83BCF78927E238AC00092BA1 /* Release */ = {
			isa = XCBuildConfiguration;
			buildSettings = {
				ALWAYS_SEARCH_USER_PATHS = NO;
				CLANG_ANALYZER_NONNULL = YES;
				CLANG_ANALYZER_NUMBER_OBJECT_CONVERSION = YES_AGGRESSIVE;
				CLANG_CXX_LANGUAGE_STANDARD = "gnu++17";
				CLANG_CXX_LIBRARY = "libc++";
				CLANG_ENABLE_MODULES = YES;
				CLANG_ENABLE_OBJC_ARC = YES;
				CLANG_ENABLE_OBJC_WEAK = YES;
				CLANG_WARN_BLOCK_CAPTURE_AUTORELEASING = YES;
				CLANG_WARN_BOOL_CONVERSION = YES;
				CLANG_WARN_COMMA = YES;
				CLANG_WARN_CONSTANT_CONVERSION = YES;
				CLANG_WARN_DEPRECATED_OBJC_IMPLEMENTATIONS = YES;
				CLANG_WARN_DIRECT_OBJC_ISA_USAGE = YES_ERROR;
				CLANG_WARN_DOCUMENTATION_COMMENTS = YES;
				CLANG_WARN_EMPTY_BODY = YES;
				CLANG_WARN_ENUM_CONVERSION = YES;
				CLANG_WARN_INFINITE_RECURSION = YES;
				CLANG_WARN_INT_CONVERSION = YES;
				CLANG_WARN_NON_LITERAL_NULL_CONVERSION = YES;
				CLANG_WARN_OBJC_IMPLICIT_RETAIN_SELF = YES;
				CLANG_WARN_OBJC_LITERAL_CONVERSION = YES;
				CLANG_WARN_OBJC_ROOT_CLASS = YES_ERROR;
				CLANG_WARN_QUOTED_INCLUDE_IN_FRAMEWORK_HEADER = YES;
				CLANG_WARN_RANGE_LOOP_ANALYSIS = YES;
				CLANG_WARN_STRICT_PROTOTYPES = YES;
				CLANG_WARN_SUSPICIOUS_MOVE = YES;
				CLANG_WARN_UNGUARDED_AVAILABILITY = YES_AGGRESSIVE;
				CLANG_WARN_UNREACHABLE_CODE = YES;
				CLANG_WARN__DUPLICATE_METHOD_MATCH = YES;
				COPY_PHASE_STRIP = NO;
				DEBUG_INFORMATION_FORMAT = "dwarf-with-dsym";
				ENABLE_NS_ASSERTIONS = NO;
				ENABLE_STRICT_OBJC_MSGSEND = YES;
				GCC_C_LANGUAGE_STANDARD = gnu11;
				GCC_NO_COMMON_BLOCKS = YES;
				GCC_WARN_64_TO_32_BIT_CONVERSION = YES;
				GCC_WARN_ABOUT_RETURN_TYPE = YES_ERROR;
				GCC_WARN_UNDECLARED_SELECTOR = YES;
				GCC_WARN_UNINITIALIZED_AUTOS = YES_AGGRESSIVE;
				GCC_WARN_UNUSED_FUNCTION = YES;
				GCC_WARN_UNUSED_VARIABLE = YES;
				IPHONEOS_DEPLOYMENT_TARGET = 15.2;
				MTL_ENABLE_DEBUG_INFO = NO;
				MTL_FAST_MATH = YES;
				SDKROOT = iphoneos;
				SWIFT_COMPILATION_MODE = wholemodule;
				SWIFT_OPTIMIZATION_LEVEL = "-O";
				VALIDATE_PRODUCT = YES;
			};
			name = Release;
		};
		83BCF78B27E238AC00092BA1 /* Debug */ = {
			isa = XCBuildConfiguration;
			buildSettings = {
				ASSETCATALOG_COMPILER_APPICON_NAME = AppIcon;
				ASSETCATALOG_COMPILER_GLOBAL_ACCENT_COLOR_NAME = AccentColor;
				CODE_SIGN_STYLE = Automatic;
				CURRENT_PROJECT_VERSION = 1;
				DEVELOPMENT_ASSET_PATHS = "\"ExercisePostureGuide/Preview Content\"";
				DEVELOPMENT_TEAM = TF95H77434;
				ENABLE_PREVIEWS = YES;
				GENERATE_INFOPLIST_FILE = YES;
				INFOPLIST_KEY_UIApplicationSceneManifest_Generation = YES;
				INFOPLIST_KEY_UIApplicationSupportsIndirectInputEvents = YES;
				INFOPLIST_KEY_UILaunchScreen_Generation = YES;
				INFOPLIST_KEY_UISupportedInterfaceOrientations_iPad = "UIInterfaceOrientationPortrait UIInterfaceOrientationPortraitUpsideDown UIInterfaceOrientationLandscapeLeft UIInterfaceOrientationLandscapeRight";
				INFOPLIST_KEY_UISupportedInterfaceOrientations_iPhone = "UIInterfaceOrientationPortrait UIInterfaceOrientationLandscapeLeft UIInterfaceOrientationLandscapeRight";
				LD_RUNPATH_SEARCH_PATHS = (
					"$(inherited)",
					"@executable_path/Frameworks",
				);
				MARKETING_VERSION = 1.0;
				PRODUCT_BUNDLE_IDENTIFIER = com.nb.ExercisePostureGuide;
				PRODUCT_NAME = "$(TARGET_NAME)";
				SWIFT_EMIT_LOC_STRINGS = YES;
				SWIFT_VERSION = 5.0;
				TARGETED_DEVICE_FAMILY = "1,2";
			};
			name = Debug;
		};
		83BCF78C27E238AC00092BA1 /* Release */ = {
			isa = XCBuildConfiguration;
			buildSettings = {
				ASSETCATALOG_COMPILER_APPICON_NAME = AppIcon;
				ASSETCATALOG_COMPILER_GLOBAL_ACCENT_COLOR_NAME = AccentColor;
				CODE_SIGN_STYLE = Automatic;
				CURRENT_PROJECT_VERSION = 1;
				DEVELOPMENT_ASSET_PATHS = "\"ExercisePostureGuide/Preview Content\"";
				DEVELOPMENT_TEAM = TF95H77434;
				ENABLE_PREVIEWS = YES;
				GENERATE_INFOPLIST_FILE = YES;
				INFOPLIST_KEY_UIApplicationSceneManifest_Generation = YES;
				INFOPLIST_KEY_UIApplicationSupportsIndirectInputEvents = YES;
				INFOPLIST_KEY_UILaunchScreen_Generation = YES;
				INFOPLIST_KEY_UISupportedInterfaceOrientations_iPad = "UIInterfaceOrientationPortrait UIInterfaceOrientationPortraitUpsideDown UIInterfaceOrientationLandscapeLeft UIInterfaceOrientationLandscapeRight";
				INFOPLIST_KEY_UISupportedInterfaceOrientations_iPhone = "UIInterfaceOrientationPortrait UIInterfaceOrientationLandscapeLeft UIInterfaceOrientationLandscapeRight";
				LD_RUNPATH_SEARCH_PATHS = (
					"$(inherited)",
					"@executable_path/Frameworks",
				);
				MARKETING_VERSION = 1.0;
				PRODUCT_BUNDLE_IDENTIFIER = com.nb.ExercisePostureGuide;
				PRODUCT_NAME = "$(TARGET_NAME)";
				SWIFT_EMIT_LOC_STRINGS = YES;
				SWIFT_VERSION = 5.0;
				TARGETED_DEVICE_FAMILY = "1,2";
			};
			name = Release;
		};
/* End XCBuildConfiguration section */

/* Begin XCConfigurationList section */
		83BCF77727E238AB00092BA1 /* Build configuration list for PBXProject "ExercisePostureGuide" */ = {
			isa = XCConfigurationList;
			buildConfigurations = (
				83BCF78827E238AC00092BA1 /* Debug */,
				83BCF78927E238AC00092BA1 /* Release */,
			);
			defaultConfigurationIsVisible = 0;
			defaultConfigurationName = Release;
		};
		83BCF78A27E238AC00092BA1 /* Build configuration list for PBXNativeTarget "ExercisePostureGuide" */ = {
			isa = XCConfigurationList;
			buildConfigurations = (
				83BCF78B27E238AC00092BA1 /* Debug */,
				83BCF78C27E238AC00092BA1 /* Release */,
			);
			defaultConfigurationIsVisible = 0;
			defaultConfigurationName = Release;
		};
/* End XCConfigurationList section */

/* Begin XCRemoteSwiftPackageReference section */
		83E0F17727E448910068F132 /* XCRemoteSwiftPackageReference "firebase-ios-sdk" */ = {
			isa = XCRemoteSwiftPackageReference;
			repositoryURL = "https://github.com/firebase/firebase-ios-sdk";
			requirement = {
				kind = exactVersion;
				version = 8.9.1;
			};
		};
/* End XCRemoteSwiftPackageReference section */

/* Begin XCSwiftPackageProductDependency section */
		83E0F17827E448910068F132 /* FirebaseAnalytics */ = {
			isa = XCSwiftPackageProductDependency;
			package = 83E0F17727E448910068F132 /* XCRemoteSwiftPackageReference "firebase-ios-sdk" */;
			productName = FirebaseAnalytics;
		};
		83E0F17A27E448910068F132 /* FirebaseAuth */ = {
			isa = XCSwiftPackageProductDependency;
			package = 83E0F17727E448910068F132 /* XCRemoteSwiftPackageReference "firebase-ios-sdk" */;
			productName = FirebaseAuth;
		};
		83E0F17C27E448910068F132 /* FirebaseFirestore */ = {
			isa = XCSwiftPackageProductDependency;
			package = 83E0F17727E448910068F132 /* XCRemoteSwiftPackageReference "firebase-ios-sdk" */;
			productName = FirebaseFirestore;
		};
		83E0F17E27E448910068F132 /* FirebaseFirestoreSwift-Beta */ = {
			isa = XCSwiftPackageProductDependency;
			package = 83E0F17727E448910068F132 /* XCRemoteSwiftPackageReference "firebase-ios-sdk" */;
			productName = "FirebaseFirestoreSwift-Beta";
		};
/* End XCSwiftPackageProductDependency section */
	};
	rootObject = 83BCF77427E238AB00092BA1 /* Project object */;
}
